
Microsoft Visual Studio Solution File, Format Version 12.00
# Visual Studio Version 16
VisualStudioVersion = 25.0.1703.8
MinimumVisualStudioVersion = 10.0.40219.1
Project("{FAE04EC0-301F-11D3-BF4B-00C04F79EFBC}") = "FrameworkXunit", "FrameworkXunit\FrameworkXunit.csproj", "{3AECEFAD-7087-4AF6-928C-419520F44BEF}"
EndProject
Global
	GlobalSection(SolutionConfigurationPlatforms) = preSolution
		Debug|Any CPU = Debug|Any CPU
		Release|Any CPU = Release|Any CPU
	EndGlobalSection
	GlobalSection(ProjectConfigurationPlatforms) = postSolution
		{3AECEFAD-7087-4AF6-928C-419520F44BEF}.Debug|Any CPU.ActiveCfg = Debug|Any CPU
		{3AECEFAD-7087-4AF6-928C-419520F44BEF}.Debug|Any CPU.Build.0 = Debug|Any CPU
		{3AECEFAD-7087-4AF6-928C-419520F44BEF}.Release|Any CPU.ActiveCfg = Release|Any CPU
		{3AECEFAD-7087-4AF6-928C-419520F44BEF}.Release|Any CPU.Build.0 = Release|Any CPU
	EndGlobalSection
	GlobalSection(SolutionProperties) = preSolution
		HideSolutionNode = FALSE
	EndGlobalSection
	GlobalSection(ExtensibilityGlobals) = postSolution
		SolutionGuid = {6735BC58-E069-4E47-A7B7-940E22B3D2D8}
	EndGlobalSection
EndGlobal
